
Microsoft Visual Studio Solution File, Format Version 12.00
Project("{2150E333-8FDC-42A3-9474-1A3956D46DE8}") = "src", "src", "{4A950CFC-B73F-4BDB-BC7F-CE76C041DB53}"
EndProject
Project("{2150E333-8FDC-42A3-9474-1A3956D46DE8}") = "Core", "Core", "{2A5738C1-C739-43DF-9FFC-5502C1F97970}"
EndProject
Project("{2150E333-8FDC-42A3-9474-1A3956D46DE8}") = "Application", "Application", "{74F62DA2-E16B-43F8-9551-6C3561C5D895}"
EndProject
Project("{2150E333-8FDC-42A3-9474-1A3956D46DE8}") = "Infrastructure", "Infrastructure", "{82B355F1-F663-4C2B-A916-B36232421BD3}"
EndProject
Project("{2150E333-8FDC-42A3-9474-1A3956D46DE8}") = "API", "API", "{0EEA7476-F085-45CC-A429-A48888788EF7}"
EndProject
Project("{FAE04EC0-301F-11D3-BF4B-00C04F79EFBC}") = "Thread.API", "src\API\Thread.API\Thread.API.csproj", "{6C8F7B1D-2CEB-4CF7-9C54-F33C344F4F81}"
EndProject
Project("{FAE04EC0-301F-11D3-BF4B-00C04F79EFBC}") = "Thread.Application", "src\Application\Thread.Application\Thread.Application.csproj", "{2B381B0D-5B1A-4FB1-BB0C-144C93CE2866}"
EndProject
Project("{FAE04EC0-301F-11D3-BF4B-00C04F79EFBC}") = "Thread.Core", "src\Core\Thread.Core\Thread.Core.csproj", "{90F29F5D-C626-4984-BEE5-E2FD0F41E980}"
EndProject
Project("{FAE04EC0-301F-11D3-BF4B-00C04F79EFBC}") = "Thread.Infrastructure", "src\Infrastructure\Thread.Infrastructure\Thread.Infrastructure.csproj", "{3B4DC33A-02E6-43A2-9E6A-2D19964F47D6}"
EndProject
Project("{FAE04EC0-301F-11D3-BF4B-00C04F79EFBC}") = "Thread.DTOs", "src\Application\Thread.DTOs\Thread.DTOs.csproj", "{766E6878-FDD4-40EF-8E51-37D07461A11E}"
EndProject
Project("{FAE04EC0-301F-11D3-BF4B-00C04F79EFBC}") = "Thread.Services", "src\Infrastructure\Thread.Services\Thread.Services.csproj", "{FF63E388-DA1F-48A6-BB86-A2FFB77D3353}"
EndProject
Project("{FAE04EC0-301F-11D3-BF4B-00C04F79EFBC}") = "Thread.Interfaces", "src\Core\Thread.Interfaces\Thread.Interfaces.csproj", "{1823FBF0-3A6B-4D5B-A2B9-53AB7D0B95E1}"
EndProject
Global
	GlobalSection(SolutionConfigurationPlatforms) = preSolution
		Debug|Any CPU = Debug|Any CPU
		Release|Any CPU = Release|Any CPU
	EndGlobalSection
	GlobalSection(NestedProjects) = preSolution
		{2A5738C1-C739-43DF-9FFC-5502C1F97970} = {4A950CFC-B73F-4BDB-BC7F-CE76C041DB53}
		{74F62DA2-E16B-43F8-9551-6C3561C5D895} = {4A950CFC-B73F-4BDB-BC7F-CE76C041DB53}
		{82B355F1-F663-4C2B-A916-B36232421BD3} = {4A950CFC-B73F-4BDB-BC7F-CE76C041DB53}
		{0EEA7476-F085-45CC-A429-A48888788EF7} = {4A950CFC-B73F-4BDB-BC7F-CE76C041DB53}
		{6C8F7B1D-2CEB-4CF7-9C54-F33C344F4F81} = {0EEA7476-F085-45CC-A429-A48888788EF7}
		{2B381B0D-5B1A-4FB1-BB0C-144C93CE2866} = {74F62DA2-E16B-43F8-9551-6C3561C5D895}
		{90F29F5D-C626-4984-BEE5-E2FD0F41E980} = {2A5738C1-C739-43DF-9FFC-5502C1F97970}
		{3B4DC33A-02E6-43A2-9E6A-2D19964F47D6} = {82B355F1-F663-4C2B-A916-B36232421BD3}
		{766E6878-FDD4-40EF-8E51-37D07461A11E} = {74F62DA2-E16B-43F8-9551-6C3561C5D895}
		{FF63E388-DA1F-48A6-BB86-A2FFB77D3353} = {82B355F1-F663-4C2B-A916-B36232421BD3}
		{1823FBF0-3A6B-4D5B-A2B9-53AB7D0B95E1} = {2A5738C1-C739-43DF-9FFC-5502C1F97970}
	EndGlobalSection
	GlobalSection(ProjectConfigurationPlatforms) = postSolution
		{6C8F7B1D-2CEB-4CF7-9C54-F33C344F4F81}.Debug|Any CPU.ActiveCfg = Debug|Any CPU
		{6C8F7B1D-2CEB-4CF7-9C54-F33C344F4F81}.Debug|Any CPU.Build.0 = Debug|Any CPU
		{6C8F7B1D-2CEB-4CF7-9C54-F33C344F4F81}.Release|Any CPU.ActiveCfg = Release|Any CPU
		{6C8F7B1D-2CEB-4CF7-9C54-F33C344F4F81}.Release|Any CPU.Build.0 = Release|Any CPU
		{2B381B0D-5B1A-4FB1-BB0C-144C93CE2866}.Debug|Any CPU.ActiveCfg = Debug|Any CPU
		{2B381B0D-5B1A-4FB1-BB0C-144C93CE2866}.Debug|Any CPU.Build.0 = Debug|Any CPU
		{2B381B0D-5B1A-4FB1-BB0C-144C93CE2866}.Release|Any CPU.ActiveCfg = Release|Any CPU
		{2B381B0D-5B1A-4FB1-BB0C-144C93CE2866}.Release|Any CPU.Build.0 = Release|Any CPU
		{90F29F5D-C626-4984-BEE5-E2FD0F41E980}.Debug|Any CPU.ActiveCfg = Debug|Any CPU
		{90F29F5D-C626-4984-BEE5-E2FD0F41E980}.Debug|Any CPU.Build.0 = Debug|Any CPU
		{90F29F5D-C626-4984-BEE5-E2FD0F41E980}.Release|Any CPU.ActiveCfg = Release|Any CPU
		{90F29F5D-C626-4984-BEE5-E2FD0F41E980}.Release|Any CPU.Build.0 = Release|Any CPU
		{3B4DC33A-02E6-43A2-9E6A-2D19964F47D6}.Debug|Any CPU.ActiveCfg = Debug|Any CPU
		{3B4DC33A-02E6-43A2-9E6A-2D19964F47D6}.Debug|Any CPU.Build.0 = Debug|Any CPU
		{3B4DC33A-02E6-43A2-9E6A-2D19964F47D6}.Release|Any CPU.ActiveCfg = Release|Any CPU
		{3B4DC33A-02E6-43A2-9E6A-2D19964F47D6}.Release|Any CPU.Build.0 = Release|Any CPU
		{766E6878-FDD4-40EF-8E51-37D07461A11E}.Debug|Any CPU.ActiveCfg = Debug|Any CPU
		{766E6878-FDD4-40EF-8E51-37D07461A11E}.Debug|Any CPU.Build.0 = Debug|Any CPU
		{766E6878-FDD4-40EF-8E51-37D07461A11E}.Release|Any CPU.ActiveCfg = Release|Any CPU
		{766E6878-FDD4-40EF-8E51-37D07461A11E}.Release|Any CPU.Build.0 = Release|Any CPU
		{FF63E388-DA1F-48A6-BB86-A2FFB77D3353}.Debug|Any CPU.ActiveCfg = Debug|Any CPU
		{FF63E388-DA1F-48A6-BB86-A2FFB77D3353}.Debug|Any CPU.Build.0 = Debug|Any CPU
		{FF63E388-DA1F-48A6-BB86-A2FFB77D3353}.Release|Any CPU.ActiveCfg = Release|Any CPU
		{FF63E388-DA1F-48A6-BB86-A2FFB77D3353}.Release|Any CPU.Build.0 = Release|Any CPU
		{1823FBF0-3A6B-4D5B-A2B9-53AB7D0B95E1}.Debug|Any CPU.ActiveCfg = Debug|Any CPU
		{1823FBF0-3A6B-4D5B-A2B9-53AB7D0B95E1}.Debug|Any CPU.Build.0 = Debug|Any CPU
		{1823FBF0-3A6B-4D5B-A2B9-53AB7D0B95E1}.Release|Any CPU.ActiveCfg = Release|Any CPU
		{1823FBF0-3A6B-4D5B-A2B9-53AB7D0B95E1}.Release|Any CPU.Build.0 = Release|Any CPU
	EndGlobalSection
EndGlobal
